
Microsoft Visual Studio Solution File, Format Version 12.00
# Visual Studio Version 17
VisualStudioVersion = 17.4.33110.190
MinimumVisualStudioVersion = 10.0.40219.1
Project("{FAE04EC0-301F-11D3-BF4B-00C04F79EFBC}") = "AdventOfCode", "AdventOfCode.csproj", "{10F48D50-653C-46F0-BA90-D4DD32332D15}"
EndProject
Global
	GlobalSection(SolutionConfigurationPlatforms) = preSolution
		Debug|Any CPU = Debug|Any CPU
		Release|Any CPU = Release|Any CPU
	EndGlobalSection
	GlobalSection(ProjectConfigurationPlatforms) = postSolution
		{10F48D50-653C-46F0-BA90-D4DD32332D15}.Debug|Any CPU.ActiveCfg = Debug|Any CPU
		{10F48D50-653C-46F0-BA90-D4DD32332D15}.Debug|Any CPU.Build.0 = Debug|Any CPU
		{10F48D50-653C-46F0-BA90-D4DD32332D15}.Release|Any CPU.ActiveCfg = Release|Any CPU
		{10F48D50-653C-46F0-BA90-D4DD32332D15}.Release|Any CPU.Build.0 = Release|Any CPU
	EndGlobalSection
	GlobalSection(SolutionProperties) = preSolution
		HideSolutionNode = FALSE
	EndGlobalSection
	GlobalSection(ExtensibilityGlobals) = postSolution
		SolutionGuid = {7C170CBF-3C47-45CC-BB0F-D9377098573D}
	EndGlobalSection
EndGlobal
